
Microsoft Visual Studio Solution File, Format Version 12.00
# Visual Studio Version 16
VisualStudioVersion = 16.0.30002.166
MinimumVisualStudioVersion = 10.0.40219.1
Project("{FAE04EC0-301F-11D3-BF4B-00C04F79EFBC}") = "TemplateMethodDemo", "TemplateMethodDemo\TemplateMethodDemo.csproj", "{B9F8CACB-1EF0-4802-B452-95C0E0D41358}"
EndProject
Global
	GlobalSection(SolutionConfigurationPlatforms) = preSolution
		Debug|Any CPU = Debug|Any CPU
		Release|Any CPU = Release|Any CPU
	EndGlobalSection
	GlobalSection(ProjectConfigurationPlatforms) = postSolution
		{B9F8CACB-1EF0-4802-B452-95C0E0D41358}.Debug|Any CPU.ActiveCfg = Debug|Any CPU
		{B9F8CACB-1EF0-4802-B452-95C0E0D41358}.Debug|Any CPU.Build.0 = Debug|Any CPU
		{B9F8CACB-1EF0-4802-B452-95C0E0D41358}.Release|Any CPU.ActiveCfg = Release|Any CPU
		{B9F8CACB-1EF0-4802-B452-95C0E0D41358}.Release|Any CPU.Build.0 = Release|Any CPU
	EndGlobalSection
	GlobalSection(SolutionProperties) = preSolution
		HideSolutionNode = FALSE
	EndGlobalSection
	GlobalSection(ExtensibilityGlobals) = postSolution
		SolutionGuid = {01212D12-0C00-4871-B53F-645CB89CA78E}
	EndGlobalSection
EndGlobal
